schema: '2.0'
stages:
  filter_dataset:
    cmd: python src/filter_dataset.py --data data/FMereani.csv --dest data/filtered.csv
      --params params.yaml
    deps:
    - path: data/FMereani.csv
      hash: md5
      md5: 3f25b32037cab2b97b17e8ad26cf5f5c
      size: 19129116
    - path: src/filter_dataset.py
      hash: md5
      md5: 78a81ea6803e1f0fe79c0a4a9b35d058
      size: 1174
    params:
      params.yaml:
        filter_dataset:
          starting_strs:
          - https://
          - http://
    outs:
    - path: data/filtered.csv
      hash: md5
      md5: 2fc675ff5189b179493acdceeabac0ac
      size: 4228007
  dataset_split:
    cmd: python src/dataset_split.py --data data/filtered.csv --dest_train data/train.csv
      --dest_test data/test.csv --params params.yaml
    deps:
    - path: data/filtered.csv
      hash: md5
      md5: 2fc675ff5189b179493acdceeabac0ac
      size: 4228007
    - path: src/dataset_split.py
      hash: md5
      md5: 7b5377b9be415d41c8580df84eab24ec
      size: 1468
    params:
      params.yaml:
        dataset_split:
          train_size: 0.5
    outs:
    - path: data/test.csv
      hash: md5
      md5: 2729d90175cf8d55989b29f9c79cc65e
      size: 2116897
    - path: data/train.csv
      hash: md5
      md5: ecfaf7d7df5d43f7e2b6612dfc1862a0
      size: 2111125
